
Microsoft Visual Studio Solution File, Format Version 12.00
# Visual Studio Version 16
VisualStudioVersion = 16.0.32901.82
MinimumVisualStudioVersion = 10.0.40219.1
Project("{FAE04EC0-301F-11D3-BF4B-00C04F79EFBC}") = "EPAM_TAO_CORE_API_TAF", "EPAM_TAO_CORE_API_TAF\EPAM_TAO_CORE_API_TAF.csproj", "{669E5899-44C1-4E55-9F50-38CE3AA53066}"
EndProject
Global
	GlobalSection(SolutionConfigurationPlatforms) = preSolution
		Debug|Any CPU = Debug|Any CPU
		Release|Any CPU = Release|Any CPU
	EndGlobalSection
	GlobalSection(ProjectConfigurationPlatforms) = postSolution
		{669E5899-44C1-4E55-9F50-38CE3AA53066}.Debug|Any CPU.ActiveCfg = Debug|Any CPU
		{669E5899-44C1-4E55-9F50-38CE3AA53066}.Debug|Any CPU.Build.0 = Debug|Any CPU
		{669E5899-44C1-4E55-9F50-38CE3AA53066}.Release|Any CPU.ActiveCfg = Release|Any CPU
		{669E5899-44C1-4E55-9F50-38CE3AA53066}.Release|Any CPU.Build.0 = Release|Any CPU
	EndGlobalSection
	GlobalSection(SolutionProperties) = preSolution
		HideSolutionNode = FALSE
	EndGlobalSection
	GlobalSection(ExtensibilityGlobals) = postSolution
		SolutionGuid = {674ABA91-9878-4E54-9BF2-C7CF6AEBF119}
	EndGlobalSection
EndGlobal
